
Microsoft Visual Studio Solution File, Format Version 12.00
# Visual Studio Version 17
VisualStudioVersion = 17.6.33723.286
MinimumVisualStudioVersion = 10.0.40219.1
Project("{FAE04EC0-301F-11D3-BF4B-00C04F79EFBC}") = "FirstApp", "FirstApp\FirstApp.csproj", "{63C51DD5-7AC6-45E4-86AE-66CCA6DE46CE}"
EndProject
Global
	GlobalSection(SolutionConfigurationPlatforms) = preSolution
		Debug|Any CPU = Debug|Any CPU
		Release|Any CPU = Release|Any CPU
	EndGlobalSection
	GlobalSection(ProjectConfigurationPlatforms) = postSolution
		{63C51DD5-7AC6-45E4-86AE-66CCA6DE46CE}.Debug|Any CPU.ActiveCfg = Debug|Any CPU
		{63C51DD5-7AC6-45E4-86AE-66CCA6DE46CE}.Debug|Any CPU.Build.0 = Debug|Any CPU
		{63C51DD5-7AC6-45E4-86AE-66CCA6DE46CE}.Release|Any CPU.ActiveCfg = Release|Any CPU
		{63C51DD5-7AC6-45E4-86AE-66CCA6DE46CE}.Release|Any CPU.Build.0 = Release|Any CPU
	EndGlobalSection
	GlobalSection(SolutionProperties) = preSolution
		HideSolutionNode = FALSE
	EndGlobalSection
	GlobalSection(ExtensibilityGlobals) = postSolution
		SolutionGuid = {835156C7-E7FB-4EFA-A03F-F59717912A23}
	EndGlobalSection
EndGlobal
